
Microsoft Visual Studio Solution File, Format Version 12.00
# Visual Studio Version 17
VisualStudioVersion = 17.7.34024.191
MinimumVisualStudioVersion = 10.0.40219.1
Project("{8BC9CEB8-8B4A-11D0-8D11-00A0C91BC942}") = "Siv3D_GameJam", "Siv3D_GameJam.vcxproj", "{CBDB5674-791E-413A-B3FB-6E3EF743B9AA}"
EndProject
Global
	GlobalSection(SolutionConfigurationPlatforms) = preSolution
		Debug|x64 = Debug|x64
		Release|x64 = Release|x64
	EndGlobalSection
	GlobalSection(ProjectConfigurationPlatforms) = postSolution
		{CBDB5674-791E-413A-B3FB-6E3EF743B9AA}.Debug|x64.ActiveCfg = Debug|x64
		{CBDB5674-791E-413A-B3FB-6E3EF743B9AA}.Debug|x64.Build.0 = Debug|x64
		{CBDB5674-791E-413A-B3FB-6E3EF743B9AA}.Release|x64.ActiveCfg = Release|x64
		{CBDB5674-791E-413A-B3FB-6E3EF743B9AA}.Release|x64.Build.0 = Release|x64
	EndGlobalSection
	GlobalSection(SolutionProperties) = preSolution
		HideSolutionNode = FALSE
	EndGlobalSection
	GlobalSection(ExtensibilityGlobals) = postSolution
		SolutionGuid = {E10C8BC2-E9A1-4E4F-87BD-6155685B624F}
	EndGlobalSection
EndGlobal
